PODS:
  - Alamofire (5.9.1)
  - ProgressHUD (14.1.1)

DEPENDENCIES:
  - Alamofire
  - ProgressHUD

SPEC REPOS:
  https://github.com/CocoaPods/Specs.git:
    - Alamofire
    - ProgressHUD

SPEC CHECKSUMS:
  Alamofire: f36a35757af4587d8e4f4bfa223ad10be2422b8c
  ProgressHUD: abb9136ae23c85204236828562cb9a8ec98efb44

PODFILE CHECKSUM: 82da0bda0d297a4f9633a4556ac105728852e6f0

COCOAPODS: 1.15.2
